Microsoft Visual Studio Solution File, Format Version 12.00
# Visual Studio 2012
Project("{FAE04EC0-301F-11D3-BF4B-00C04F79EFBC}") = "Spin Shooter", "Spin Shooter.csproj", "{A03A74C8-B544-48C4-92E1-DBC5372D861D}"
EndProject
Global
	GlobalSection(SolutionConfigurationPlatforms) = preSolution
	Debug|Any CPU = Debug|Any CPU
	ExportDebug|Any CPU = ExportDebug|Any CPU
	ExportRelease|Any CPU = ExportRelease|Any CPU
	EndGlobalSection
	GlobalSection(ProjectConfigurationPlatforms) = postSolution
		{A03A74C8-B544-48C4-92E1-DBC5372D861D}.Debug|Any CPU.ActiveCfg = Debug|Any CPU
		{A03A74C8-B544-48C4-92E1-DBC5372D861D}.Debug|Any CPU.Build.0 = Debug|Any CPU
		{A03A74C8-B544-48C4-92E1-DBC5372D861D}.ExportDebug|Any CPU.ActiveCfg = ExportDebug|Any CPU
		{A03A74C8-B544-48C4-92E1-DBC5372D861D}.ExportDebug|Any CPU.Build.0 = ExportDebug|Any CPU
		{A03A74C8-B544-48C4-92E1-DBC5372D861D}.ExportRelease|Any CPU.ActiveCfg = ExportRelease|Any CPU
		{A03A74C8-B544-48C4-92E1-DBC5372D861D}.ExportRelease|Any CPU.Build.0 = ExportRelease|Any CPU
	EndGlobalSection
EndGlobal
